// !$*UTF8*$!
{
	archiveVersion = 1;
	classes = {
	};
	objectVersion = 56;
	objects = {

/* Begin PBXBuildFile section */
		E28990FC2B8605ED00F2D7BD /* testApp.swift in Sources */ = {isa = PBXBuildFile; fileRef = E28990FB2B8605ED00F2D7BD /* testApp.swift */; };
		E28990FE2B8605ED00F2D7BD /* ContentView.swift in Sources */ = {isa = PBXBuildFile; fileRef = E28990FD2B8605ED00F2D7BD /* ContentView.swift */; };
		E28991002B8605EF00F2D7BD /* Assets.xcassets in Resources */ = {isa = PBXBuildFile; fileRef = E28990FF2B8605EF00F2D7BD /* Assets.xcassets */; };
		E28991032B8605EF00F2D7BD /* Preview Assets.xcassets in Resources */ = {isa = PBXBuildFile; fileRef = E28991022B8605EF00F2D7BD /* Preview Assets.xcassets */; };
		E28991262B86810900F2D7BD /* guessTheNumber.swift in Sources */ = {isa = PBXBuildFile; fileRef = E28991252B86810900F2D7BD /* guessTheNumber.swift */; };
		E28991282B86814600F2D7BD /* minesweeper.swift in Sources */ = {isa = PBXBuildFile; fileRef = E28991272B86814600F2D7BD /* minesweeper.swift */; };
/* End PBXBuildFile section */

/* Begin PBXContainerItemProxy section */
		E28991092B8605EF00F2D7BD /* PBXContainerItemProxy */ = {
			isa = PBXContainerItemProxy;
			containerPortal = E28990F02B8605ED00F2D7BD /* Project object */;
			proxyType = 1;
			remoteGlobalIDString = E28990F72B8605ED00F2D7BD;
			remoteInfo = test;
		};
		E28991132B8605EF00F2D7BD /* PBXContainerItemProxy */ = {
			isa = PBXContainerItemProxy;
			containerPortal = E28990F02B8605ED00F2D7BD /* Project object */;
			proxyType = 1;
			remoteGlobalIDString = E28990F72B8605ED00F2D7BD;
			remoteInfo = test;
		};
/* End PBXContainerItemProxy section */

/* Begin PBXFileReference section */
		E28990F82B8605ED00F2D7BD /* test.app */ = {isa = PBXFileReference; explicitFileType = wrapper.application; includeInIndex = 0; path = test.app; sourceTree = BUILT_PRODUCTS_DIR; };
		E28990FB2B8605ED00F2D7BD /* testApp.swift */ = {isa = PBXFileReference; lastKnownFileType = sourcecode.swift; path = testApp.swift; sourceTree = "<group>"; };
		E28990FD2B8605ED00F2D7BD /* ContentView.swift */ = {isa = PBXFileReference; lastKnownFileType = sourcecode.swift; path = ContentView.swift; sourceTree = "<group>"; };
		E28990FF2B8605EF00F2D7BD /* Assets.xcassets */ = {isa = PBXFileReference; lastKnownFileType = folder.assetcatalog; path = Assets.xcassets; sourceTree = "<group>"; };
		E28991022B8605EF00F2D7BD /* Preview Assets.xcassets */ = {isa = PBXFileReference; lastKnownFileType = folder.assetcatalog; path = "Preview Assets.xcassets"; sourceTree = "<group>"; };
		E28991082B8605EF00F2D7BD /* testTests.xctest */ = {isa = PBXFileReference; explicitFileType = wrapper.cfbundle; includeInIndex = 0; path = testTests.xctest; sourceTree = BUILT_PRODUCTS_DIR; };
		E28991122B8605EF00F2D7BD /* testUITests.xctest */ = {isa = PBXFileReference; explicitFileType = wrapper.cfbundle; includeInIndex = 0; path = testUITests.xctest; sourceTree = BUILT_PRODUCTS_DIR; };
		E28991252B86810900F2D7BD /* guessTheNumber.swift */ = {isa = PBXFileReference; lastKnownFileType = sourcecode.swift; path = guessTheNumber.swift; sourceTree = "<group>"; };
		E28991272B86814600F2D7BD /* minesweeper.swift */ = {isa = PBXFileReference; lastKnownFileType = sourcecode.swift; path = minesweeper.swift; sourceTree = "<group>"; };
/* End PBXFileReference section */

/* Begin PBXFrameworksBuildPhase section */
		E28990F52B8605ED00F2D7BD /* Frameworks */ = {
			isa = PBXFrameworksBuildPhase;
			buildActionMask = 2147483647;
			files = (
			);
			runOnlyForDeploymentPostprocessing = 0;
		};
		E28991052B8605EF00F2D7BD /* Frameworks */ = {
			isa = PBXFrameworksBuildPhase;
			buildActionMask = 2147483647;
			files = (
			);
			runOnlyForDeploymentPostprocessing = 0;
		};
		E289910F2B8605EF00F2D7BD /* Frameworks */ = {
			isa = PBXFrameworksBuildPhase;
			buildActionMask = 2147483647;
			files = (
			);
			runOnlyForDeploymentPostprocessing = 0;
		};
/* End PBXFrameworksBuildPhase section */

/* Begin PBXGroup section */
		E28990EF2B8605ED00F2D7BD = {
			isa = PBXGroup;
			children = (
				E28990FA2B8605ED00F2D7BD /* test */,
				E28990F92B8605ED00F2D7BD /* Products */,
			);
			sourceTree = "<group>";
		};
		E28990F92B8605ED00F2D7BD /* Products */ = {
			isa = PBXGroup;
			children = (
				E28990F82B8605ED00F2D7BD /* test.app */,
				E28991082B8605EF00F2D7BD /* testTests.xctest */,
				E28991122B8605EF00F2D7BD /* testUITests.xctest */,
			);
			name = Products;
			sourceTree = "<group>";
		};
		E28990FA2B8605ED00F2D7BD /* test */ = {
			isa = PBXGroup;
			children = (
				E28991272B86814600F2D7BD /* minesweeper.swift */,
				E28990FB2B8605ED00F2D7BD /* testApp.swift */,
				E28990FD2B8605ED00F2D7BD /* ContentView.swift */,
				E28990FF2B8605EF00F2D7BD /* Assets.xcassets */,
				E28991012B8605EF00F2D7BD /* Preview Content */,
				E28991252B86810900F2D7BD /* guessTheNumber.swift */,
			);
			path = test;
			sourceTree = "<group>";
		};
		E28991012B8605EF00F2D7BD /* Preview Content */ = {
			isa = PBXGroup;
			children = (
				E28991022B8605EF00F2D7BD /* Preview Assets.xcassets */,
			);
			path = "Preview Content";
			sourceTree = "<group>";
		};
/* End PBXGroup section */

/* Begin PBXNativeTarget section */
		E28990F72B8605ED00F2D7BD /* test */ = {
			isa = PBXNativeTarget;
			buildConfigurationList = E289911C2B8605EF00F2D7BD /* Build configuration list for PBXNativeTarget "test" */;
			buildPhases = (
				E28990F42B8605ED00F2D7BD /* Sources */,
				E28990F52B8605ED00F2D7BD /* Frameworks */,
				E28990F62B8605ED00F2D7BD /* Resources */,
			);
			buildRules = (
			);
			dependencies = (
			);
			name = test;
			productName = test;
			productReference = E28990F82B8605ED00F2D7BD /* test.app */;
			productType = "com.apple.product-type.application";
		};
		E28991072B8605EF00F2D7BD /* testTests */ = {
			isa = PBXNativeTarget;
			buildConfigurationList = E289911F2B8605EF00F2D7BD /* Build configuration list for PBXNativeTarget "testTests" */;
			buildPhases = (
				E28991042B8605EF00F2D7BD /* Sources */,
				E28991052B8605EF00F2D7BD /* Frameworks */,
				E28991062B8605EF00F2D7BD /* Resources */,
			);
			buildRules = (
			);
			dependencies = (
				E289910A2B8605EF00F2D7BD /* PBXTargetDependency */,
			);
			name = testTests;
			productName = testTests;
			productReference = E28991082B8605EF00F2D7BD /* testTests.xctest */;
			productType = "com.apple.product-type.bundle.unit-test";
		};
		E28991112B8605EF00F2D7BD /* testUITests */ = {
			isa = PBXNativeTarget;
			buildConfigurationList = E28991222B8605EF00F2D7BD /* Build configuration list for PBXNativeTarget "testUITests" */;
			buildPhases = (
				E289910E2B8605EF00F2D7BD /* Sources */,
				E289910F2B8605EF00F2D7BD /* Frameworks */,
				E28991102B8605EF00F2D7BD /* Resources */,
			);
			buildRules = (
			);
			dependencies = (
				E28991142B8605EF00F2D7BD /* PBXTargetDependency */,
			);
			name = testUITests;
			productName = testUITests;
			productReference = E28991122B8605EF00F2D7BD /* testUITests.xctest */;
			productType = "com.apple.product-type.bundle.ui-testing";
		};
/* End PBXNativeTarget section */

/* Begin PBXProject section */
		E28990F02B8605ED00F2D7BD /* Project object */ = {
			isa = PBXProject;
			attributes = {
				BuildIndependentTargetsInParallel = 1;
				LastSwiftUpdateCheck = 1520;
				LastUpgradeCheck = 1520;
				TargetAttributes = {
					E28990F72B8605ED00F2D7BD = {
						CreatedOnToolsVersion = 15.2;
					};
					E28991072B8605EF00F2D7BD = {
						CreatedOnToolsVersion = 15.2;
						TestTargetID = E28990F72B8605ED00F2D7BD;
					};
					E28991112B8605EF00F2D7BD = {
						CreatedOnToolsVersion = 15.2;
						TestTargetID = E28990F72B8605ED00F2D7BD;
					};
				};
			};
			buildConfigurationList = E28990F32B8605ED00F2D7BD /* Build configuration list for PBXProject "test" */;
			compatibilityVersion = "Xcode 14.0";
			developmentRegion = en;
			hasScannedForEncodings = 0;
			knownRegions = (
				en,
				Base,
			);
			mainGroup = E28990EF2B8605ED00F2D7BD;
			productRefGroup = E28990F92B8605ED00F2D7BD /* Products */;
			projectDirPath = "";
			projectRoot = "";
			targets = (
				E28990F72B8605ED00F2D7BD /* test */,
				E28991072B8605EF00F2D7BD /* testTests */,
				E28991112B8605EF00F2D7BD /* testUITests */,
			);
		};
/* End PBXProject section */

/* Begin PBXResourcesBuildPhase section */
		E28990F62B8605ED00F2D7BD /* Resources */ = {
			isa = PBXResourcesBuildPhase;
			buildActionMask = 2147483647;
			files = (
				E28991032B8605EF00F2D7BD /* Preview Assets.xcassets in Resources */,
				E28991002B8605EF00F2D7BD /* Assets.xcassets in Resources */,
			);
			runOnlyForDeploymentPostprocessing = 0;
		};
		E28991062B8605EF00F2D7BD /* Resources */ = {
			isa = PBXResourcesBuildPhase;
			buildActionMask = 2147483647;
			files = (
			);
			runOnlyForDeploymentPostprocessing = 0;
		};
		E28991102B8605EF00F2D7BD /* Resources */ = {
			isa = PBXResourcesBuildPhase;
			buildActionMask = 2147483647;
			files = (
			);
			runOnlyForDeploymentPostprocessing = 0;
		};
/* End PBXResourcesBuildPhase section */

/* Begin PBXSourcesBuildPhase section */
		E28990F42B8605ED00F2D7BD /* Sources */ = {
			isa = PBXSourcesBuildPhase;
			buildActionMask = 2147483647;
			files = (
				E28991282B86814600F2D7BD /* minesweeper.swift in Sources */,
				E28991262B86810900F2D7BD /* guessTheNumber.swift in Sources */,
				E28990FE2B8605ED00F2D7BD /* ContentView.swift in Sources */,
				E28990FC2B8605ED00F2D7BD /* testApp.swift in Sources */,
			);
			runOnlyForDeploymentPostprocessing = 0;
		};
		E28991042B8605EF00F2D7BD /* Sources */ = {
			isa = PBXSourcesBuildPhase;
			buildActionMask = 2147483647;
			files = (
			);
			runOnlyForDeploymentPostprocessing = 0;
		};
		E289910E2B8605EF00F2D7BD /* Sources */ = {
			isa = PBXSourcesBuildPhase;
			buildActionMask = 2147483647;
			files = (
			);
			runOnlyForDeploymentPostprocessing = 0;
		};
/* End PBXSourcesBuildPhase section */

/* Begin PBXTargetDependency section */
		E289910A2B8605EF00F2D7BD /* PBXTargetDependency */ = {
			isa = PBXTargetDependency;
			target = E28990F72B8605ED00F2D7BD /* test */;
			targetProxy = E28991092B8605EF00F2D7BD /* PBXContainerItemProxy */;
		};
		E28991142B8605EF00F2D7BD /* PBXTargetDependency */ = {
			isa = PBXTargetDependency;
			target = E28990F72B8605ED00F2D7BD /* test */;
			targetProxy = E28991132B8605EF00F2D7BD /* PBXContainerItemProxy */;
		};
/* End PBXTargetDependency section */

/* Begin XCBuildConfiguration section */
		E289911A2B8605EF00F2D7BD /* Debug */ = {
			isa = XCBuildConfiguration;
			buildSettings = {
				ALWAYS_SEARCH_USER_PATHS = NO;
				ASSETCATALOG_COMPILER_GENERATE_SWIFT_ASSET_SYMBOL_EXTENSIONS = YES;
				CLANG_ANALYZER_NONNULL = YES;
				CLANG_ANALYZER_NUMBER_OBJECT_CONVERSION = YES_AGGRESSIVE;
				CLANG_CXX_LANGUAGE_STANDARD = "gnu++20";
				CLANG_ENABLE_MODULES = YES;
				CLANG_ENABLE_OBJC_ARC = YES;
				CLANG_ENABLE_OBJC_WEAK = YES;
				CLANG_WARN_BLOCK_CAPTURE_AUTORELEASING = YES;
				CLANG_WARN_BOOL_CONVERSION = YES;
				CLANG_WARN_COMMA = YES;
				CLANG_WARN_CONSTANT_CONVERSION = YES;
				CLANG_WARN_DEPRECATED_OBJC_IMPLEMENTATIONS = YES;
				CLANG_WARN_DIRECT_OBJC_ISA_USAGE = YES_ERROR;
				CLANG_WARN_DOCUMENTATION_COMMENTS = YES;
				CLANG_WARN_EMPTY_BODY = YES;
				CLANG_WARN_ENUM_CONVERSION = YES;
				CLANG_WARN_INFINITE_RECURSION = YES;
				CLANG_WARN_INT_CONVERSION = YES;
				CLANG_WARN_NON_LITERAL_NULL_CONVERSION = YES;
				CLANG_WARN_OBJC_IMPLICIT_RETAIN_SELF = YES;
				CLANG_WARN_OBJC_LITERAL_CONVERSION = YES;
				CLANG_WARN_OBJC_ROOT_CLASS = YES_ERROR;
				CLANG_WARN_QUOTED_INCLUDE_IN_FRAMEWORK_HEADER = YES;
				CLANG_WARN_RANGE_LOOP_ANALYSIS = YES;
				CLANG_WARN_STRICT_PROTOTYPES = YES;
				CLANG_WARN_SUSPICIOUS_MOVE = YES;
				CLANG_WARN_UNGUARDED_AVAILABILITY = YES_AGGRESSIVE;
				CLANG_WARN_UNREACHABLE_CODE = YES;
				CLANG_WARN__DUPLICATE_METHOD_MATCH = YES;
				COPY_PHASE_STRIP = NO;
				DEBUG_INFORMATION_FORMAT = dwarf;
				ENABLE_STRICT_OBJC_MSGSEND = YES;
				ENABLE_TESTABILITY = YES;
				ENABLE_USER_SCRIPT_SANDBOXING = YES;
				GCC_C_LANGUAGE_STANDARD = gnu17;
				GCC_DYNAMIC_NO_PIC = NO;
				GCC_NO_COMMON_BLOCKS = YES;
				GCC_OPTIMIZATION_LEVEL = 0;
				GCC_PREPROCESSOR_DEFINITIONS = (
					"DEBUG=1",
					"$(inherited)",
				);
				GCC_WARN_64_TO_32_BIT_CONVERSION = YES;
				GCC_WARN_ABOUT_RETURN_TYPE = YES_ERROR;
				GCC_WARN_UNDECLARED_SELECTOR = YES;
				GCC_WARN_UNINITIALIZED_AUTOS = YES_AGGRESSIVE;
				GCC_WARN_UNUSED_FUNCTION = YES;
				GCC_WARN_UNUSED_VARIABLE = YES;
				IPHONEOS_DEPLOYMENT_TARGET = 17.2;
				LOCALIZATION_PREFERS_STRING_CATALOGS = YES;
				MTL_ENABLE_DEBUG_INFO = INCLUDE_SOURCE;
				MTL_FAST_MATH = YES;
				ONLY_ACTIVE_ARCH = YES;
				SDKROOT = iphoneos;
				SWIFT_ACTIVE_COMPILATION_CONDITIONS = "DEBUG $(inherited)";
				SWIFT_OPTIMIZATION_LEVEL = "-Onone";
			};
			name = Debug;
		};
		E289911B2B8605EF00F2D7BD /* Release */ = {
			isa = XCBuildConfiguration;
			buildSettings = {
				ALWAYS_SEARCH_USER_PATHS = NO;
				ASSETCATALOG_COMPILER_GENERATE_SWIFT_ASSET_SYMBOL_EXTENSIONS = YES;
				CLANG_ANALYZER_NONNULL = YES;
				CLANG_ANALYZER_NUMBER_OBJECT_CONVERSION = YES_AGGRESSIVE;
				CLANG_CXX_LANGUAGE_STANDARD = "gnu++20";
				CLANG_ENABLE_MODULES = YES;
				CLANG_ENABLE_OBJC_ARC = YES;
				CLANG_ENABLE_OBJC_WEAK = YES;
				CLANG_WARN_BLOCK_CAPTURE_AUTORELEASING = YES;
				CLANG_WARN_BOOL_CONVERSION = YES;
				CLANG_WARN_COMMA = YES;
				CLANG_WARN_CONSTANT_CONVERSION = YES;
				CLANG_WARN_DEPRECATED_OBJC_IMPLEMENTATIONS = YES;
				CLANG_WARN_DIRECT_OBJC_ISA_USAGE = YES_ERROR;
				CLANG_WARN_DOCUMENTATION_COMMENTS = YES;
				CLANG_WARN_EMPTY_BODY = YES;
				CLANG_WARN_ENUM_CONVERSION = YES;
				CLANG_WARN_INFINITE_RECURSION = YES;
				CLANG_WARN_INT_CONVERSION = YES;
				CLANG_WARN_NON_LITERAL_NULL_CONVERSION = YES;
				CLANG_WARN_OBJC_IMPLICIT_RETAIN_SELF = YES;
				CLANG_WARN_OBJC_LITERAL_CONVERSION = YES;
				CLANG_WARN_OBJC_ROOT_CLASS = YES_ERROR;
				CLANG_WARN_QUOTED_INCLUDE_IN_FRAMEWORK_HEADER = YES;
				CLANG_WARN_RANGE_LOOP_ANALYSIS = YES;
				CLANG_WARN_STRICT_PROTOTYPES = YES;
				CLANG_WARN_SUSPICIOUS_MOVE = YES;
				CLANG_WARN_UNGUARDED_AVAILABILITY = YES_AGGRESSIVE;
				CLANG_WARN_UNREACHABLE_CODE = YES;
				CLANG_WARN__DUPLICATE_METHOD_MATCH = YES;
				COPY_PHASE_STRIP = NO;
				DEBUG_INFORMATION_FORMAT = "dwarf-with-dsym";
				ENABLE_NS_ASSERTIONS = NO;
				ENABLE_STRICT_OBJC_MSGSEND = YES;
				ENABLE_USER_SCRIPT_SANDBOXING = YES;
				GCC_C_LANGUAGE_STANDARD = gnu17;
				GCC_NO_COMMON_BLOCKS = YES;
				GCC_WARN_64_TO_32_BIT_CONVERSION = YES;
				GCC_WARN_ABOUT_RETURN_TYPE = YES_ERROR;
				GCC_WARN_UNDECLARED_SELECTOR = YES;
				GCC_WARN_UNINITIALIZED_AUTOS = YES_AGGRESSIVE;
				GCC_WARN_UNUSED_FUNCTION = YES;
				GCC_WARN_UNUSED_VARIABLE = YES;
				IPHONEOS_DEPLOYMENT_TARGET = 17.2;
				LOCALIZATION_PREFERS_STRING_CATALOGS = YES;
				MTL_ENABLE_DEBUG_INFO = NO;
				MTL_FAST_MATH = YES;
				SDKROOT = iphoneos;
				SWIFT_COMPILATION_MODE = wholemodule;
				VALIDATE_PRODUCT = YES;
			};
			name = Release;
		};
		E289911D2B8605EF00F2D7BD /* Debug */ = {
			isa = XCBuildConfiguration;
			buildSettings = {
				ASSETCATALOG_COMPILER_APPICON_NAME = AppIcon;
				ASSETCATALOG_COMPILER_GLOBAL_ACCENT_COLOR_NAME = AccentColor;
				CODE_SIGN_STYLE = Automatic;
				CURRENT_PROJECT_VERSION = 1;
				DEVELOPMENT_ASSET_PATHS = "\"test/Preview Content\"";
				DEVELOPMENT_TEAM = TMF8WU79P6;
				ENABLE_PREVIEWS = YES;
				GENERATE_INFOPLIST_FILE = YES;
				INFOPLIST_KEY_UIApplicationSceneManifest_Generation = YES;
				INFOPLIST_KEY_UIApplicationSupportsIndirectInputEvents = YES;
				INFOPLIST_KEY_UILaunchScreen_Generation = YES;
				INFOPLIST_KEY_UISupportedInterfaceOrientations_iPad = "UIInterfaceOrientationPortrait UIInterfaceOrientationPortraitUpsideDown UIInterfaceOrientationLandscapeLeft UIInterfaceOrientationLandscapeRight";
				INFOPLIST_KEY_UISupportedInterfaceOrientations_iPhone = "UIInterfaceOrientationPortrait UIInterfaceOrientationLandscapeLeft UIInterfaceOrientationLandscapeRight";
				LD_RUNPATH_SEARCH_PATHS = (
					"$(inherited)",
					"@executable_path/Frameworks",
				);
				MARKETING_VERSION = 1.0;
				PRODUCT_BUNDLE_IDENTIFIER = lt.asimaitis.minesweeper;
				PRODUCT_NAME = "$(TARGET_NAME)";
				SWIFT_EMIT_LOC_STRINGS = YES;
				SWIFT_VERSION = 5.0;
				TARGETED_DEVICE_FAMILY = "1,2";
			};
			name = Debug;
		};
		E289911E2B8605EF00F2D7BD /* Release */ = {
			isa = XCBuildConfiguration;
			buildSettings = {
				ASSETCATALOG_COMPILER_APPICON_NAME = AppIcon;
				ASSETCATALOG_COMPILER_GLOBAL_ACCENT_COLOR_NAME = AccentColor;
				CODE_SIGN_STYLE = Automatic;
				CURRENT_PROJECT_VERSION = 1;
				DEVELOPMENT_ASSET_PATHS = "\"test/Preview Content\"";
				DEVELOPMENT_TEAM = TMF8WU79P6;
				ENABLE_PREVIEWS = YES;
				GENERATE_INFOPLIST_FILE = YES;
				INFOPLIST_KEY_UIApplicationSceneManifest_Generation = YES;
				INFOPLIST_KEY_UIApplicationSupportsIndirectInputEvents = YES;
				INFOPLIST_KEY_UILaunchScreen_Generation = YES;
				INFOPLIST_KEY_UISupportedInterfaceOrientations_iPad = "UIInterfaceOrientationPortrait UIInterfaceOrientationPortraitUpsideDown UIInterfaceOrientationLandscapeLeft UIInterfaceOrientationLandscapeRight";
				INFOPLIST_KEY_UISupportedInterfaceOrientations_iPhone = "UIInterfaceOrientationPortrait UIInterfaceOrientationLandscapeLeft UIInterfaceOrientationLandscapeRight";
				LD_RUNPATH_SEARCH_PATHS = (
					"$(inherited)",
					"@executable_path/Frameworks",
				);
				MARKETING_VERSION = 1.0;
				PRODUCT_BUNDLE_IDENTIFIER = lt.asimaitis.minesweeper;
				PRODUCT_NAME = "$(TARGET_NAME)";
				SWIFT_EMIT_LOC_STRINGS = YES;
				SWIFT_VERSION = 5.0;
				TARGETED_DEVICE_FAMILY = "1,2";
			};
			name = Release;
		};
		E28991202B8605EF00F2D7BD /* Debug */ = {
			isa = XCBuildConfiguration;
			buildSettings = {
				ALWAYS_EMBED_SWIFT_STANDARD_LIBRARIES = YES;
				BUNDLE_LOADER = "$(TEST_HOST)";
				CODE_SIGN_STYLE = Automatic;
				CURRENT_PROJECT_VERSION = 1;
				GENERATE_INFOPLIST_FILE = YES;
				IPHONEOS_DEPLOYMENT_TARGET = 17.2;
				MARKETING_VERSION = 1.0;
				PRODUCT_BUNDLE_IDENTIFIER = tes.test.testTests;
				PRODUCT_NAME = "$(TARGET_NAME)";
				SWIFT_EMIT_LOC_STRINGS = NO;
				SWIFT_VERSION = 5.0;
				TARGETED_DEVICE_FAMILY = "1,2";
				TEST_HOST = "$(BUILT_PRODUCTS_DIR)/test.app/$(BUNDLE_EXECUTABLE_FOLDER_PATH)/test";
			};
			name = Debug;
		};
		E28991212B8605EF00F2D7BD /* Release */ = {
			isa = XCBuildConfiguration;
			buildSettings = {
				ALWAYS_EMBED_SWIFT_STANDARD_LIBRARIES = YES;
				BUNDLE_LOADER = "$(TEST_HOST)";
				CODE_SIGN_STYLE = Automatic;
				CURRENT_PROJECT_VERSION = 1;
				GENERATE_INFOPLIST_FILE = YES;
				IPHONEOS_DEPLOYMENT_TARGET = 17.2;
				MARKETING_VERSION = 1.0;
				PRODUCT_BUNDLE_IDENTIFIER = tes.test.testTests;
				PRODUCT_NAME = "$(TARGET_NAME)";
				SWIFT_EMIT_LOC_STRINGS = NO;
				SWIFT_VERSION = 5.0;
				TARGETED_DEVICE_FAMILY = "1,2";
				TEST_HOST = "$(BUILT_PRODUCTS_DIR)/test.app/$(BUNDLE_EXECUTABLE_FOLDER_PATH)/test";
			};
			name = Release;
		};
		E28991232B8605EF00F2D7BD /* Debug */ = {
			isa = XCBuildConfiguration;
			buildSettings = {
				ALWAYS_EMBED_SWIFT_STANDARD_LIBRARIES = YES;
				CODE_SIGN_STYLE = Automatic;
				CURRENT_PROJECT_VERSION = 1;
				GENERATE_INFOPLIST_FILE = YES;
				MARKETING_VERSION = 1.0;
				PRODUCT_BUNDLE_IDENTIFIER = tes.test.testUITests;
				PRODUCT_NAME = "$(TARGET_NAME)";
				SWIFT_EMIT_LOC_STRINGS = NO;
				SWIFT_VERSION = 5.0;
				TARGETED_DEVICE_FAMILY = "1,2";
				TEST_TARGET_NAME = test;
			};
			name = Debug;
		};
		E28991242B8605EF00F2D7BD /* Release */ = {
			isa = XCBuildConfiguration;
			buildSettings = {
				ALWAYS_EMBED_SWIFT_STANDARD_LIBRARIES = YES;
				CODE_SIGN_STYLE = Automatic;
				CURRENT_PROJECT_VERSION = 1;
				GENERATE_INFOPLIST_FILE = YES;
				MARKETING_VERSION = 1.0;
				PRODUCT_BUNDLE_IDENTIFIER = tes.test.testUITests;
				PRODUCT_NAME = "$(TARGET_NAME)";
				SWIFT_EMIT_LOC_STRINGS = NO;
				SWIFT_VERSION = 5.0;
				TARGETED_DEVICE_FAMILY = "1,2";
				TEST_TARGET_NAME = test;
			};
			name = Release;
		};
/* End XCBuildConfiguration section */

/* Begin XCConfigurationList section */
		E28990F32B8605ED00F2D7BD /* Build configuration list for PBXProject "test" */ = {
			isa = XCConfigurationList;
			buildConfigurations = (
				E289911A2B8605EF00F2D7BD /* Debug */,
				E289911B2B8605EF00F2D7BD /* Release */,
			);
			defaultConfigurationIsVisible = 0;
			defaultConfigurationName = Release;
		};
		E289911C2B8605EF00F2D7BD /* Build configuration list for PBXNativeTarget "test" */ = {
			isa = XCConfigurationList;
			buildConfigurations = (
				E289911D2B8605EF00F2D7BD /* Debug */,
				E289911E2B8605EF00F2D7BD /* Release */,
			);
			defaultConfigurationIsVisible = 0;
			defaultConfigurationName = Release;
		};
		E289911F2B8605EF00F2D7BD /* Build configuration list for PBXNativeTarget "testTests" */ = {
			isa = XCConfigurationList;
			buildConfigurations = (
				E28991202B8605EF00F2D7BD /* Debug */,
				E28991212B8605EF00F2D7BD /* Release */,
			);
			defaultConfigurationIsVisible = 0;
			defaultConfigurationName = Release;
		};
		E28991222B8605EF00F2D7BD /* Build configuration list for PBXNativeTarget "testUITests" */ = {
			isa = XCConfigurationList;
			buildConfigurations = (
				E28991232B8605EF00F2D7BD /* Debug */,
				E28991242B8605EF00F2D7BD /* Release */,
			);
			defaultConfigurationIsVisible = 0;
			defaultConfigurationName = Release;
		};
/* End XCConfigurationList section */
	};
	rootObject = E28990F02B8605ED00F2D7BD /* Project object */;
}
